// !$*UTF8*$!
{
	archiveVersion = 1;
	classes = {
	};
	objectVersion = 46;
	objects = {
/* Begin PBXBuildFile section */
		0207DA581B56EA530066E2B4 /* Images.xcassets in Resources */ = {isa = PBXBuildFile; fileRef = 0207DA571B56EA530066E2B4 /* Images.xcassets */; };
		1D3623260D0F684500981E51 /* AppDelegate.m in Sources */ = {isa = PBXBuildFile; fileRef = 1D3623250D0F684500981E51 /* AppDelegate.m */; };
		1D60589B0D05DD56006BFB54 /* main.m in Sources */ = {isa = PBXBuildFile; fileRef = 29B97316FDCFA39411CA2CEA /* main.m */; };
		301BF552109A68D80062928A /* libCordova.a in Frameworks */ = {isa = PBXBuildFile; fileRef = 301BF535109A57CC0062928A /* libCordova.a */; };
		302D95F114D2391D003F00A1 /* MainViewController.m in Sources */ = {isa = PBXBuildFile; fileRef = 302D95EF14D2391D003F00A1 /* MainViewController.m */; };
		302D95F214D2391D003F00A1 /* MainViewController.xib in Resources */ = {isa = PBXBuildFile; fileRef = 302D95F014D2391D003F00A1 /* MainViewController.xib */; };
		3047A5121AB8059700498E2A /* build-debug.xcconfig in Resources */ = {isa = PBXBuildFile; fileRef = 3047A50F1AB8059700498E2A /* build-debug.xcconfig */; };
		3047A5131AB8059700498E2A /* build-release.xcconfig in Resources */ = {isa = PBXBuildFile; fileRef = 3047A5101AB8059700498E2A /* build-release.xcconfig */; };
		3047A5141AB8059700498E2A /* build.xcconfig in Resources */ = {isa = PBXBuildFile; fileRef = 3047A5111AB8059700498E2A /* build.xcconfig */; };
		2FDEAD6FE0E64A0D9A60753C /* CDVBattery.m in Sources */ = {isa = PBXBuildFile; fileRef = 1CE7FBCFF6BE46A8B6E67B70 /* CDVBattery.m */; };
		C9DF902AABBD4C33B564F672 /* UIImage+CropScaleOrientation.m in Sources */ = {isa = PBXBuildFile; fileRef = 34190B101F2A4C6C91042C5A /* UIImage+CropScaleOrientation.m */; };
		595F52D76DEA43758ED2557D /* CDVCamera.m in Sources */ = {isa = PBXBuildFile; fileRef = 5E80BBDB90B94E99AE3AF9E9 /* CDVCamera.m */; };
		34233BA003704F36B359F9E8 /* CDVJpegHeaderWriter.m in Sources */ = {isa = PBXBuildFile; fileRef = 4E94CC2BF90C4DE09A35C12E /* CDVJpegHeaderWriter.m */; };
		7B63E46F862147079226BD9C /* ImageIO.framework in Frameworks */ = {isa = PBXBuildFile; fileRef = 8BD94E06D38949DE86A95EFC /* ImageIO.framework */; settings = {ATTRIBUTES = (Weak, ); }; };
		14E80E0E90CA4B3DA2925853 /* CoreLocation.framework in Frameworks */ = {isa = PBXBuildFile; fileRef = DA3A8AD6282B4ED88D303F78 /* CoreLocation.framework */; };
		256F9339DB934CF09524F6A3 /* AVFoundation.framework in Frameworks */ = {isa = PBXBuildFile; fileRef = 0961A238BDE042938E2AE206 /* AVFoundation.framework */; };
		2F5CC5321EFF4862A7F4E53E /* CDVFile.m in Sources */ = {isa = PBXBuildFile; fileRef = 6B1B9143B4E348CD8601399F /* CDVFile.m */; };
		9C1661D8BD634B3AB3CEFD60 /* CDVLocalFilesystem.m in Sources */ = {isa = PBXBuildFile; fileRef = 28FB9ED92CF143D7A29F47A7 /* CDVLocalFilesystem.m */; };
		043C03591B634926BDF3663A /* CDVAssetLibraryFilesystem.m in Sources */ = {isa = PBXBuildFile; fileRef = 3435F980E4184ED281CF203C /* CDVAssetLibraryFilesystem.m */; };
		5E60964E9D1E4F44BCB6B0CC /* CDVCapture.m in Sources */ = {isa = PBXBuildFile; fileRef = E3C8AC9135FD4BBEB6D29A8F /* CDVCapture.m */; };
		7E1B5DCB8E064FDFA9153582 /* CDVCapture.bundle in Resources */ = {isa = PBXBuildFile; fileRef = DCDED054A3E94AD7AC4D1943 /* CDVCapture.bundle */; };
		1C27DE587AEC4592AC2D3ECC /* CDVLogger.m in Sources */ = {isa = PBXBuildFile; fileRef = BA590B410BF948D680284B24 /* CDVLogger.m */; };
		41F98361B613492D87EE1E2E /* CDVContacts.m in Sources */ = {isa = PBXBuildFile; fileRef = E426DF0EF825470FA91830EB /* CDVContacts.m */; };
		AC5ACC74C73247568B5CC02B /* CDVContact.m in Sources */ = {isa = PBXBuildFile; fileRef = FE9A0A11D6F24D519FB8BBC6 /* CDVContact.m */; };
		B44429B8291947C8AC9953DE /* AddressBook.framework in Frameworks */ = {isa = PBXBuildFile; fileRef = A4EC7489929840588ED69312 /* AddressBook.framework */; settings = {ATTRIBUTES = (Weak, ); }; };
		5F5A5BA1AB884A099718DFBB /* AddressBookUI.framework in Frameworks */ = {isa = PBXBuildFile; fileRef = D9BD51AF7E5B4AEDB1D08EAF /* AddressBookUI.framework */; settings = {ATTRIBUTES = (Weak, ); }; };
		AFEA0992AF1746A3BB07AB75 /* CDVDevice.m in Sources */ = {isa = PBXBuildFile; fileRef = 3D06CA8578E84AA6A3DF53F1 /* CDVDevice.m */; };
		F74BE05A73EC41AAA250B754 /* CDVAccelerometer.m in Sources */ = {isa = PBXBuildFile; fileRef = 073DE6EE68BF40CDADFD7C51 /* CDVAccelerometer.m */; };
		185203286CF64AAD9A31356B /* CoreMotion.framework in Frameworks */ = {isa = PBXBuildFile; fileRef = 7E44194C18E949839AD12E0B /* CoreMotion.framework */; };
		8033CBDBF6C1475589C7CDA9 /* CDVCompass.m in Sources */ = {isa = PBXBuildFile; fileRef = 13953B8F0C9B462286411366 /* CDVCompass.m */; };
		F558B1264B3646D2AFD1A450 /* CDVNotification.m in Sources */ = {isa = PBXBuildFile; fileRef = 15A1B9CD5D17459B908AFD4A /* CDVNotification.m */; };
		67292EE555A44FB085CC7D0F /* CDVNotification.bundle in Resources */ = {isa = PBXBuildFile; fileRef = 52C00D877F0A4D2BBC9D852A /* CDVNotification.bundle */; };
		C57BA2313ED343BDA47AFCC1 /* AudioToolbox.framework in Frameworks */ = {isa = PBXBuildFile; fileRef = 5E8F0FC7623E4D69A3F7A734 /* AudioToolbox.framework */; settings = {ATTRIBUTES = (Weak, ); }; };
		3E552DA52F3347F3BB1B2198 /* CDVFileTransfer.m in Sources */ = {isa = PBXBuildFile; fileRef = 21932CFDD94F479EAB521B57 /* CDVFileTransfer.m */; };
		3C7E601764994794AB4BB0EA /* CDVLocation.m in Sources */ = {isa = PBXBuildFile; fileRef = A72924E84659483E9B62A798 /* CDVLocation.m */; };
		120CBDF1FAF244639C0A17B9 /* CDVGlobalization.m in Sources */ = {isa = PBXBuildFile; fileRef = 5235FA0E654F426D93D59D68 /* CDVGlobalization.m */; };
		9FE22D5CEAFD400D9F0FABF7 /* CDVInAppBrowser.m in Sources */ = {isa = PBXBuildFile; fileRef = 8D08F884905840E48A2E308C /* CDVInAppBrowser.m */; };
		4964E452735C4E9882774E21 /* CDVSound.m in Sources */ = {isa = PBXBuildFile; fileRef = EB14780435DA458FBB5E4A2B /* CDVSound.m */; };
		8871932098874F8C9F4D6E28 /* CDVConnection.m in Sources */ = {isa = PBXBuildFile; fileRef = 291FD178C05B4321B3B1A5D2 /* CDVConnection.m */; };
		FAA71A0FA3974827A6D0D8F9 /* CDVReachability.m in Sources */ = {isa = PBXBuildFile; fileRef = 0A1A9A1DB34A4B5D821A1163 /* CDVReachability.m */; };
		071B7BA6294C4D9F86D2CFD3 /* SystemConfiguration.framework in Frameworks */ = {isa = PBXBuildFile; fileRef = 41087A5EBEAA443B89E7E829 /* SystemConfiguration.framework */; settings = {ATTRIBUTES = (Weak, ); }; };
		196FB15B33254F738FB16D73 /* CoreTelephony.framework in Frameworks */ = {isa = PBXBuildFile; fileRef = 86EB03AA59B3419B8139937F /* CoreTelephony.framework */; };
		A43FD2696DDF490E81D0B4D4 /* CDVSplashScreen.m in Sources */ = {isa = PBXBuildFile; fileRef = 043E9825689C40689774C33E /* CDVSplashScreen.m */; };
		953DA3231B2A4869BC408B97 /* CDVViewController+SplashScreen.m in Sources */ = {isa = PBXBuildFile; fileRef = 2EFC5628A7E64F0A8D4190CA /* CDVViewController+SplashScreen.m */; };
		785AA41147D649A0A49D2C4B /* CDVStatusBar.m in Sources */ = {isa = PBXBuildFile; fileRef = FDA98E6773B04EA99C863E2F /* CDVStatusBar.m */; };
		813DC9081E8D42A7953B6741 /* CDVVibration.m in Sources */ = {isa = PBXBuildFile; fileRef = C3EC5B57E73443D6B4EFDE7D /* CDVVibration.m */; };
/* End PBXBuildFile section */

/* Begin PBXContainerItemProxy section */
		301BF534109A57CC0062928A /* PBXContainerItemProxy */ = {
			isa = PBXContainerItemProxy;
			containerPortal = 301BF52D109A57CC0062928A /* CordovaLib.xcodeproj */;
			proxyType = 2;
			remoteGlobalIDString = D2AAC07E0554694100DB518D;
			remoteInfo = CordovaLib;
		};
		301BF550109A68C00062928A /* PBXContainerItemProxy */ = {
			isa = PBXContainerItemProxy;
			containerPortal = 301BF52D109A57CC0062928A /* CordovaLib.xcodeproj */;
			proxyType = 1;
			remoteGlobalIDString = D2AAC07D0554694100DB518D;
			remoteInfo = CordovaLib;
		};
/* End PBXContainerItemProxy section */

/* Begin PBXFileReference section */
		0207DA571B56EA530066E2B4 /* Images.xcassets */ = {isa = PBXFileReference; lastKnownFileType = folder.assetcatalog; name = Images.xcassets; path = "MobAPP/Images.xcassets"; sourceTree = SOURCE_ROOT; };
		1D3623240D0F684500981E51 /* AppDelegate.h */ = {isa = PBXFileReference; fileEncoding = 4; lastKnownFileType = sourcecode.c.h; path = AppDelegate.h; sourceTree = "<group>"; };
		1D3623250D0F684500981E51 /* AppDelegate.m */ = {isa = PBXFileReference; fileEncoding = 4; lastKnownFileType = sourcecode.c.objc; path = AppDelegate.m; sourceTree = "<group>"; };
		1D6058910D05DD3D006BFB54 /* MobAPP.app */ = {isa = PBXFileReference; explicitFileType = wrapper.application; includeInIndex = 0; path = "MobAPP.app"; sourceTree = BUILT_PRODUCTS_DIR; };
		29B97316FDCFA39411CA2CEA /* main.m */ = {isa = PBXFileReference; fileEncoding = 4; lastKnownFileType = sourcecode.c.objc; path = main.m; sourceTree = "<group>"; };
		301BF52D109A57CC0062928A /* CordovaLib.xcodeproj */ = {isa = PBXFileReference; lastKnownFileType = "wrapper.pb-project"; name = CordovaLib.xcodeproj; path = CordovaLib/CordovaLib.xcodeproj; sourceTree = "<group>"; };
		301BF56E109A69640062928A /* www */ = {isa = PBXFileReference; lastKnownFileType = folder; path = www; sourceTree = SOURCE_ROOT; };
		302D95EE14D2391D003F00A1 /* MainViewController.h */ = {isa = PBXFileReference; fileEncoding = 4; lastKnownFileType = sourcecode.c.h; path = MainViewController.h; sourceTree = "<group>"; };
		302D95EF14D2391D003F00A1 /* MainViewController.m */ = {isa = PBXFileReference; fileEncoding = 4; lastKnownFileType = sourcecode.c.objc; path = MainViewController.m; sourceTree = "<group>"; };
		302D95F014D2391D003F00A1 /* MainViewController.xib */ = {isa = PBXFileReference; fileEncoding = 4; lastKnownFileType = file.xib; path = MainViewController.xib; sourceTree = "<group>"; };
		3047A50F1AB8059700498E2A /* build-debug.xcconfig */ = {isa = PBXFileReference; fileEncoding = 4; lastKnownFileType = text.xcconfig; name = "build-debug.xcconfig"; path = cordova/build-debug.xcconfig; sourceTree = SOURCE_ROOT; };
		3047A5101AB8059700498E2A /* build-release.xcconfig */ = {isa = PBXFileReference; fileEncoding = 4; lastKnownFileType = text.xcconfig; name = "build-release.xcconfig"; path = cordova/build-release.xcconfig; sourceTree = SOURCE_ROOT; };
		3047A5111AB8059700498E2A /* build.xcconfig */ = {isa = PBXFileReference; fileEncoding = 4; lastKnownFileType = text.xcconfig; name = build.xcconfig; path = cordova/build.xcconfig; sourceTree = SOURCE_ROOT; };
		32CA4F630368D1EE00C91783 /* MobAPP-Prefix.pch */ = {isa = PBXFileReference; fileEncoding = 4; lastKnownFileType = sourcecode.c.h; path = "MobAPP-Prefix.pch"; sourceTree = "<group>"; };
		8D1107310486CEB800E47090 /* MobAPP-Info.plist */ = {isa = PBXFileReference; fileEncoding = 4; lastKnownFileType = text.plist.xml; name = "MobAPP-Info.plist"; path = "MobAPP/MobAPP-Info.plist"; plistStructureDefinitionIdentifier = "com.apple.xcode.plist.structure-definition.iphone.info-plist"; sourceTree = SOURCE_ROOT; };
		EB87FDF31871DA8E0020F90C /* www */ = {isa = PBXFileReference; lastKnownFileType = folder; name = www; path = ../../www; sourceTree = "<group>"; };
		EB87FDF41871DAF40020F90C /* config.xml */ = {isa = PBXFileReference; lastKnownFileType = text.xml; name = config.xml; path = ../../config.xml; sourceTree = "<group>"; };
		F840E1F0165FE0F500CFE078 /* config.xml */ = {isa = PBXFileReference; lastKnownFileType = text.xml; name = config.xml; path = "MobAPP/config.xml"; sourceTree = "<group>"; };
		ED33DF2A687741AEAF9F8254 /* Bridging-Header.h */ = {isa = PBXFileReference; fileEncoding = 4; lastKnownFileType = sourcecode.c.h; name = "Bridging-Header.h"; path = "Bridging-Header.h"; sourceTree = "<group>"; };
		1CE7FBCFF6BE46A8B6E67B70 /* CDVBattery.m */ = {isa = PBXFileReference; name = "CDVBattery.m"; path = "cordova-plugin-battery-status/CDVBattery.m"; sourceTree = "<group>"; fileEncoding = 4; lastKnownFileType = sourcecode.c.objc; explicitFileType = undefined; includeInIndex = 0; };
		32ED06E8DD8347BB9B86880A /* CDVBattery.h */ = {isa = PBXFileReference; name = "CDVBattery.h"; path = "cordova-plugin-battery-status/CDVBattery.h"; sourceTree = "<group>"; fileEncoding = 4; lastKnownFileType = sourcecode.c.h; explicitFileType = undefined; includeInIndex = 0; };
		34190B101F2A4C6C91042C5A /* UIImage+CropScaleOrientation.m */ = {isa = PBXFileReference; name = "UIImage+CropScaleOrientation.m"; path = "cordova-plugin-camera/UIImage+CropScaleOrientation.m"; sourceTree = "<group>"; fileEncoding = 4; lastKnownFileType = sourcecode.c.objc; explicitFileType = undefined; includeInIndex = 0; };
		5E80BBDB90B94E99AE3AF9E9 /* CDVCamera.m */ = {isa = PBXFileReference; name = "CDVCamera.m"; path = "cordova-plugin-camera/CDVCamera.m"; sourceTree = "<group>"; fileEncoding = 4; lastKnownFileType = sourcecode.c.objc; explicitFileType = undefined; includeInIndex = 0; };
		4E94CC2BF90C4DE09A35C12E /* CDVJpegHeaderWriter.m */ = {isa = PBXFileReference; name = "CDVJpegHeaderWriter.m"; path = "cordova-plugin-camera/CDVJpegHeaderWriter.m"; sourceTree = "<group>"; fileEncoding = 4; lastKnownFileType = sourcecode.c.objc; explicitFileType = undefined; includeInIndex = 0; };
		B9D1E057E21F46259312638C /* UIImage+CropScaleOrientation.h */ = {isa = PBXFileReference; name = "UIImage+CropScaleOrientation.h"; path = "cordova-plugin-camera/UIImage+CropScaleOrientation.h"; sourceTree = "<group>"; fileEncoding = 4; lastKnownFileType = sourcecode.c.h; explicitFileType = undefined; includeInIndex = 0; };
		A5C5445CAB9348C9993579D2 /* CDVCamera.h */ = {isa = PBXFileReference; name = "CDVCamera.h"; path = "cordova-plugin-camera/CDVCamera.h"; sourceTree = "<group>"; fileEncoding = 4; lastKnownFileType = sourcecode.c.h; explicitFileType = undefined; includeInIndex = 0; };
		E44EC2038E004F6B9D2FDFC6 /* CDVJpegHeaderWriter.h */ = {isa = PBXFileReference; name = "CDVJpegHeaderWriter.h"; path = "cordova-plugin-camera/CDVJpegHeaderWriter.h"; sourceTree = "<group>"; fileEncoding = 4; lastKnownFileType = sourcecode.c.h; explicitFileType = undefined; includeInIndex = 0; };
		F68EC5A1AF274DE6ACFE8592 /* CDVExif.h */ = {isa = PBXFileReference; name = "CDVExif.h"; path = "cordova-plugin-camera/CDVExif.h"; sourceTree = "<group>"; fileEncoding = 4; lastKnownFileType = sourcecode.c.h; explicitFileType = undefined; includeInIndex = 0; };
		8BD94E06D38949DE86A95EFC /* ImageIO.framework */ = {isa = PBXFileReference; name = "ImageIO.framework"; path = "System/Library/Frameworks/ImageIO.framework"; sourceTree = SDKROOT; fileEncoding = undefined; lastKnownFileType = wrapper.framework; explicitFileType = undefined; includeInIndex = 0; };
		DA3A8AD6282B4ED88D303F78 /* CoreLocation.framework */ = {isa = PBXFileReference; name = "CoreLocation.framework"; path = "System/Library/Frameworks/CoreLocation.framework"; sourceTree = SDKROOT; fileEncoding = undefined; lastKnownFileType = wrapper.framework; explicitFileType = undefined; includeInIndex = 0; };
		0961A238BDE042938E2AE206 /* AVFoundation.framework */ = {isa = PBXFileReference; name = "AVFoundation.framework"; path = "System/Library/Frameworks/AVFoundation.framework"; sourceTree = SDKROOT; fileEncoding = undefined; lastKnownFileType = wrapper.framework; explicitFileType = undefined; includeInIndex = 0; };
		6B1B9143B4E348CD8601399F /* CDVFile.m */ = {isa = PBXFileReference; name = "CDVFile.m"; path = "cordova-plugin-file/CDVFile.m"; sourceTree = "<group>"; fileEncoding = 4; lastKnownFileType = sourcecode.c.objc; explicitFileType = undefined; includeInIndex = 0; };
		28FB9ED92CF143D7A29F47A7 /* CDVLocalFilesystem.m */ = {isa = PBXFileReference; name = "CDVLocalFilesystem.m"; path = "cordova-plugin-file/CDVLocalFilesystem.m"; sourceTree = "<group>"; fileEncoding = 4; lastKnownFileType = sourcecode.c.objc; explicitFileType = undefined; includeInIndex = 0; };
		3435F980E4184ED281CF203C /* CDVAssetLibraryFilesystem.m */ = {isa = PBXFileReference; name = "CDVAssetLibraryFilesystem.m"; path = "cordova-plugin-file/CDVAssetLibraryFilesystem.m"; sourceTree = "<group>"; fileEncoding = 4; lastKnownFileType = sourcecode.c.objc; explicitFileType = undefined; includeInIndex = 0; };
		FDF9677A05714231BE044C10 /* CDVFile.h */ = {isa = PBXFileReference; name = "CDVFile.h"; path = "cordova-plugin-file/CDVFile.h"; sourceTree = "<group>"; fileEncoding = 4; lastKnownFileType = sourcecode.c.h; explicitFileType = undefined; includeInIndex = 0; };
		AE51F91B9F1345A8B28DDC82 /* CDVLocalFilesystem.h */ = {isa = PBXFileReference; name = "CDVLocalFilesystem.h"; path = "cordova-plugin-file/CDVLocalFilesystem.h"; sourceTree = "<group>"; fileEncoding = 4; lastKnownFileType = sourcecode.c.h; explicitFileType = undefined; includeInIndex = 0; };
		9B313FEEAFF74C4AA7EDF75E /* CDVAssetLibraryFilesystem.h */ = {isa = PBXFileReference; name = "CDVAssetLibraryFilesystem.h"; path = "cordova-plugin-file/CDVAssetLibraryFilesystem.h"; sourceTree = "<group>"; fileEncoding = 4; lastKnownFileType = sourcecode.c.h; explicitFileType = undefined; includeInIndex = 0; };
		E3C8AC9135FD4BBEB6D29A8F /* CDVCapture.m */ = {isa = PBXFileReference; name = "CDVCapture.m"; path = "cordova-plugin-media-capture/CDVCapture.m"; sourceTree = "<group>"; fileEncoding = 4; lastKnownFileType = sourcecode.c.objc; explicitFileType = undefined; includeInIndex = 0; };
		27A3BC69F23D4A9AB41FC265 /* CDVCapture.h */ = {isa = PBXFileReference; name = "CDVCapture.h"; path = "cordova-plugin-media-capture/CDVCapture.h"; sourceTree = "<group>"; fileEncoding = 4; lastKnownFileType = sourcecode.c.h; explicitFileType = undefined; includeInIndex = 0; };
		DCDED054A3E94AD7AC4D1943 /* CDVCapture.bundle */ = {isa = PBXFileReference; name = "CDVCapture.bundle"; path = "CDVCapture.bundle"; sourceTree = "<group>"; fileEncoding = undefined; lastKnownFileType = wrapper.plug-in; explicitFileType = undefined; includeInIndex = 0; };
		BA590B410BF948D680284B24 /* CDVLogger.m */ = {isa = PBXFileReference; name = "CDVLogger.m"; path = "cordova-plugin-console/CDVLogger.m"; sourceTree = "<group>"; fileEncoding = 4; lastKnownFileType = sourcecode.c.objc; explicitFileType = undefined; includeInIndex = 0; };
		ED3836BA17A94B4B814C7A3C /* CDVLogger.h */ = {isa = PBXFileReference; name = "CDVLogger.h"; path = "cordova-plugin-console/CDVLogger.h"; sourceTree = "<group>"; fileEncoding = 4; lastKnownFileType = sourcecode.c.h; explicitFileType = undefined; includeInIndex = 0; };
		E426DF0EF825470FA91830EB /* CDVContacts.m */ = {isa = PBXFileReference; name = "CDVContacts.m"; path = "cordova-plugin-contacts/CDVContacts.m"; sourceTree = "<group>"; fileEncoding = 4; lastKnownFileType = sourcecode.c.objc; explicitFileType = undefined; includeInIndex = 0; };
		FE9A0A11D6F24D519FB8BBC6 /* CDVContact.m */ = {isa = PBXFileReference; name = "CDVContact.m"; path = "cordova-plugin-contacts/CDVContact.m"; sourceTree = "<group>"; fileEncoding = 4; lastKnownFileType = sourcecode.c.objc; explicitFileType = undefined; includeInIndex = 0; };
		40105BBC487A40B6AEA62C81 /* CDVContacts.h */ = {isa = PBXFileReference; name = "CDVContacts.h"; path = "cordova-plugin-contacts/CDVContacts.h"; sourceTree = "<group>"; fileEncoding = 4; lastKnownFileType = sourcecode.c.h; explicitFileType = undefined; includeInIndex = 0; };
		EFFE9B29787C4DD5AFAD2E6A /* CDVContact.h */ = {isa = PBXFileReference; name = "CDVContact.h"; path = "cordova-plugin-contacts/CDVContact.h"; sourceTree = "<group>"; fileEncoding = 4; lastKnownFileType = sourcecode.c.h; explicitFileType = undefined; includeInIndex = 0; };
		A4EC7489929840588ED69312 /* AddressBook.framework */ = {isa = PBXFileReference; name = "AddressBook.framework"; path = "System/Library/Frameworks/AddressBook.framework"; sourceTree = SDKROOT; fileEncoding = undefined; lastKnownFileType = wrapper.framework; explicitFileType = undefined; includeInIndex = 0; };
		D9BD51AF7E5B4AEDB1D08EAF /* AddressBookUI.framework */ = {isa = PBXFileReference; name = "AddressBookUI.framework"; path = "System/Library/Frameworks/AddressBookUI.framework"; sourceTree = SDKROOT; fileEncoding = undefined; lastKnownFileType = wrapper.framework; explicitFileType = undefined; includeInIndex = 0; };
		3D06CA8578E84AA6A3DF53F1 /* CDVDevice.m */ = {isa = PBXFileReference; name = "CDVDevice.m"; path = "cordova-plugin-device/CDVDevice.m"; sourceTree = "<group>"; fileEncoding = 4; lastKnownFileType = sourcecode.c.objc; explicitFileType = undefined; includeInIndex = 0; };
		955C9972B4D847D3811AEA9D /* CDVDevice.h */ = {isa = PBXFileReference; name = "CDVDevice.h"; path = "cordova-plugin-device/CDVDevice.h"; sourceTree = "<group>"; fileEncoding = 4; lastKnownFileType = sourcecode.c.h; explicitFileType = undefined; includeInIndex = 0; };
		073DE6EE68BF40CDADFD7C51 /* CDVAccelerometer.m */ = {isa = PBXFileReference; name = "CDVAccelerometer.m"; path = "cordova-plugin-device-motion/CDVAccelerometer.m"; sourceTree = "<group>"; fileEncoding = 4; lastKnownFileType = sourcecode.c.objc; explicitFileType = undefined; includeInIndex = 0; };
		260F82BB418A4491A31D415D /* CDVAccelerometer.h */ = {isa = PBXFileReference; name = "CDVAccelerometer.h"; path = "cordova-plugin-device-motion/CDVAccelerometer.h"; sourceTree = "<group>"; fileEncoding = 4; lastKnownFileType = sourcecode.c.h; explicitFileType = undefined; includeInIndex = 0; };
		7E44194C18E949839AD12E0B /* CoreMotion.framework */ = {isa = PBXFileReference; name = "CoreMotion.framework"; path = "System/Library/Frameworks/CoreMotion.framework"; sourceTree = SDKROOT; fileEncoding = undefined; lastKnownFileType = wrapper.framework; explicitFileType = undefined; includeInIndex = 0; };
		13953B8F0C9B462286411366 /* CDVCompass.m */ = {isa = PBXFileReference; name = "CDVCompass.m"; path = "cordova-plugin-device-orientation/CDVCompass.m"; sourceTree = "<group>"; fileEncoding = 4; lastKnownFileType = sourcecode.c.objc; explicitFileType = undefined; includeInIndex = 0; };
		A15EE75CB2064A0DA16948C4 /* CDVCompass.h */ = {isa = PBXFileReference; name = "CDVCompass.h"; path = "cordova-plugin-device-orientation/CDVCompass.h"; sourceTree = "<group>"; fileEncoding = 4; lastKnownFileType = sourcecode.c.h; explicitFileType = undefined; includeInIndex = 0; };
		15A1B9CD5D17459B908AFD4A /* CDVNotification.m */ = {isa = PBXFileReference; name = "CDVNotification.m"; path = "cordova-plugin-dialogs/CDVNotification.m"; sourceTree = "<group>"; fileEncoding = 4; lastKnownFileType = sourcecode.c.objc; explicitFileType = undefined; includeInIndex = 0; };
		DC1D447745A94263A5BBD938 /* CDVNotification.h */ = {isa = PBXFileReference; name = "CDVNotification.h"; path = "cordova-plugin-dialogs/CDVNotification.h"; sourceTree = "<group>"; fileEncoding = 4; lastKnownFileType = sourcecode.c.h; explicitFileType = undefined; includeInIndex = 0; };
		52C00D877F0A4D2BBC9D852A /* CDVNotification.bundle */ = {isa = PBXFileReference; name = "CDVNotification.bundle"; path = "CDVNotification.bundle"; sourceTree = "<group>"; fileEncoding = undefined; lastKnownFileType = wrapper.plug-in; explicitFileType = undefined; includeInIndex = 0; };
		5E8F0FC7623E4D69A3F7A734 /* AudioToolbox.framework */ = {isa = PBXFileReference; name = "AudioToolbox.framework"; path = "System/Library/Frameworks/AudioToolbox.framework"; sourceTree = SDKROOT; fileEncoding = undefined; lastKnownFileType = wrapper.framework; explicitFileType = undefined; includeInIndex = 0; };
		21932CFDD94F479EAB521B57 /* CDVFileTransfer.m */ = {isa = PBXFileReference; name = "CDVFileTransfer.m"; path = "cordova-plugin-file-transfer/CDVFileTransfer.m"; sourceTree = "<group>"; fileEncoding = 4; lastKnownFileType = sourcecode.c.objc; explicitFileType = undefined; includeInIndex = 0; };
		A1551B5F8E1A4653B21941DE /* CDVFileTransfer.h */ = {isa = PBXFileReference; name = "CDVFileTransfer.h"; path = "cordova-plugin-file-transfer/CDVFileTransfer.h"; sourceTree = "<group>"; fileEncoding = 4; lastKnownFileType = sourcecode.c.h; explicitFileType = undefined; includeInIndex = 0; };
		A72924E84659483E9B62A798 /* CDVLocation.m */ = {isa = PBXFileReference; name = "CDVLocation.m"; path = "cordova-plugin-geolocation/CDVLocation.m"; sourceTree = "<group>"; fileEncoding = 4; lastKnownFileType = sourcecode.c.objc; explicitFileType = undefined; includeInIndex = 0; };
		2A280B22B917419BBE1B5F8F /* CDVLocation.h */ = {isa = PBXFileReference; name = "CDVLocation.h"; path = "cordova-plugin-geolocation/CDVLocation.h"; sourceTree = "<group>"; fileEncoding = 4; lastKnownFileType = sourcecode.c.h; explicitFileType = undefined; includeInIndex = 0; };
		5235FA0E654F426D93D59D68 /* CDVGlobalization.m */ = {isa = PBXFileReference; name = "CDVGlobalization.m"; path = "cordova-plugin-globalization/CDVGlobalization.m"; sourceTree = "<group>"; fileEncoding = 4; lastKnownFileType = sourcecode.c.objc; explicitFileType = undefined; includeInIndex = 0; };
		E2C473F95E0E455BA4822489 /* CDVGlobalization.h */ = {isa = PBXFileReference; name = "CDVGlobalization.h"; path = "cordova-plugin-globalization/CDVGlobalization.h"; sourceTree = "<group>"; fileEncoding = 4; lastKnownFileType = sourcecode.c.h; explicitFileType = undefined; includeInIndex = 0; };
		8D08F884905840E48A2E308C /* CDVInAppBrowser.m */ = {isa = PBXFileReference; name = "CDVInAppBrowser.m"; path = "cordova-plugin-inappbrowser/CDVInAppBrowser.m"; sourceTree = "<group>"; fileEncoding = 4; lastKnownFileType = sourcecode.c.objc; explicitFileType = undefined; includeInIndex = 0; };
		AA763AB701804BCF9D1FDB9B /* CDVInAppBrowser.h */ = {isa = PBXFileReference; name = "CDVInAppBrowser.h"; path = "cordova-plugin-inappbrowser/CDVInAppBrowser.h"; sourceTree = "<group>"; fileEncoding = 4; lastKnownFileType = sourcecode.c.h; explicitFileType = undefined; includeInIndex = 0; };
		EB14780435DA458FBB5E4A2B /* CDVSound.m */ = {isa = PBXFileReference; name = "CDVSound.m"; path = "cordova-plugin-media/CDVSound.m"; sourceTree = "<group>"; fileEncoding = 4; lastKnownFileType = sourcecode.c.objc; explicitFileType = undefined; includeInIndex = 0; };
		4C5E88518D8B43DB887681BF /* CDVSound.h */ = {isa = PBXFileReference; name = "CDVSound.h"; path = "cordova-plugin-media/CDVSound.h"; sourceTree = "<group>"; fileEncoding = 4; lastKnownFileType = sourcecode.c.h; explicitFileType = undefined; includeInIndex = 0; };
		291FD178C05B4321B3B1A5D2 /* CDVConnection.m */ = {isa = PBXFileReference; name = "CDVConnection.m"; path = "cordova-plugin-network-information/CDVConnection.m"; sourceTree = "<group>"; fileEncoding = 4; lastKnownFileType = sourcecode.c.objc; explicitFileType = undefined; includeInIndex = 0; };
		0A1A9A1DB34A4B5D821A1163 /* CDVReachability.m */ = {isa = PBXFileReference; name = "CDVReachability.m"; path = "cordova-plugin-network-information/CDVReachability.m"; sourceTree = "<group>"; fileEncoding = 4; lastKnownFileType = sourcecode.c.objc; explicitFileType = undefined; includeInIndex = 0; };
		0F738122EBEF4ADB8ECA13C0 /* CDVConnection.h */ = {isa = PBXFileReference; name = "CDVConnection.h"; path = "cordova-plugin-network-information/CDVConnection.h"; sourceTree = "<group>"; fileEncoding = 4; lastKnownFileType = sourcecode.c.h; explicitFileType = undefined; includeInIndex = 0; };
		3101BDBE2E8F43ACB8B10532 /* CDVReachability.h */ = {isa = PBXFileReference; name = "CDVReachability.h"; path = "cordova-plugin-network-information/CDVReachability.h"; sourceTree = "<group>"; fileEncoding = 4; lastKnownFileType = sourcecode.c.h; explicitFileType = undefined; includeInIndex = 0; };
		41087A5EBEAA443B89E7E829 /* SystemConfiguration.framework */ = {isa = PBXFileReference; name = "SystemConfiguration.framework"; path = "System/Library/Frameworks/SystemConfiguration.framework"; sourceTree = SDKROOT; fileEncoding = undefined; lastKnownFileType = wrapper.framework; explicitFileType = undefined; includeInIndex = 0; };
		86EB03AA59B3419B8139937F /* CoreTelephony.framework */ = {isa = PBXFileReference; name = "CoreTelephony.framework"; path = "System/Library/Frameworks/CoreTelephony.framework"; sourceTree = SDKROOT; fileEncoding = undefined; lastKnownFileType = wrapper.framework; explicitFileType = undefined; includeInIndex = 0; };
		043E9825689C40689774C33E /* CDVSplashScreen.m */ = {isa = PBXFileReference; name = "CDVSplashScreen.m"; path = "cordova-plugin-splashscreen/CDVSplashScreen.m"; sourceTree = "<group>"; fileEncoding = 4; lastKnownFileType = sourcecode.c.objc; explicitFileType = undefined; includeInIndex = 0; };
		2EFC5628A7E64F0A8D4190CA /* CDVViewController+SplashScreen.m */ = {isa = PBXFileReference; name = "CDVViewController+SplashScreen.m"; path = "cordova-plugin-splashscreen/CDVViewController+SplashScreen.m"; sourceTree = "<group>"; fileEncoding = 4; lastKnownFileType = sourcecode.c.objc; explicitFileType = undefined; includeInIndex = 0; };
		7BDFFA955A2E4AA39D761445 /* CDVSplashScreen.h */ = {isa = PBXFileReference; name = "CDVSplashScreen.h"; path = "cordova-plugin-splashscreen/CDVSplashScreen.h"; sourceTree = "<group>"; fileEncoding = 4; lastKnownFileType = sourcecode.c.h; explicitFileType = undefined; includeInIndex = 0; };
		3C500F6210724FE794E5384A /* CDVViewController+SplashScreen.h */ = {isa = PBXFileReference; name = "CDVViewController+SplashScreen.h"; path = "cordova-plugin-splashscreen/CDVViewController+SplashScreen.h"; sourceTree = "<group>"; fileEncoding = 4; lastKnownFileType = sourcecode.c.h; explicitFileType = undefined; includeInIndex = 0; };
		FDA98E6773B04EA99C863E2F /* CDVStatusBar.m */ = {isa = PBXFileReference; name = "CDVStatusBar.m"; path = "cordova-plugin-statusbar/CDVStatusBar.m"; sourceTree = "<group>"; fileEncoding = 4; lastKnownFileType = sourcecode.c.objc; explicitFileType = undefined; includeInIndex = 0; };
		B3761CFE10F341A09B5D4C77 /* CDVStatusBar.h */ = {isa = PBXFileReference; name = "CDVStatusBar.h"; path = "cordova-plugin-statusbar/CDVStatusBar.h"; sourceTree = "<group>"; fileEncoding = 4; lastKnownFileType = sourcecode.c.h; explicitFileType = undefined; includeInIndex = 0; };
		C3EC5B57E73443D6B4EFDE7D /* CDVVibration.m */ = {isa = PBXFileReference; name = "CDVVibration.m"; path = "cordova-plugin-vibration/CDVVibration.m"; sourceTree = "<group>"; fileEncoding = 4; lastKnownFileType = sourcecode.c.objc; explicitFileType = undefined; includeInIndex = 0; };
		7E734AC660054752B34896AE /* CDVVibration.h */ = {isa = PBXFileReference; name = "CDVVibration.h"; path = "cordova-plugin-vibration/CDVVibration.h"; sourceTree = "<group>"; fileEncoding = 4; lastKnownFileType = sourcecode.c.h; explicitFileType = undefined; includeInIndex = 0; };
/* End PBXFileReference section */

/* Begin PBXFrameworksBuildPhase section */
		1D60588F0D05DD3D006BFB54 /* Frameworks */ = {
			isa = PBXFrameworksBuildPhase;
			buildActionMask = 2147483647;
			files = (
				301BF552109A68D80062928A /* libCordova.a in Frameworks */,
				7B63E46F862147079226BD9C /* ImageIO.framework in Frameworks */,
				14E80E0E90CA4B3DA2925853 /* CoreLocation.framework in Frameworks */,
				256F9339DB934CF09524F6A3 /* AVFoundation.framework in Frameworks */,
				B44429B8291947C8AC9953DE /* AddressBook.framework in Frameworks */,
				5F5A5BA1AB884A099718DFBB /* AddressBookUI.framework in Frameworks */,
				185203286CF64AAD9A31356B /* CoreMotion.framework in Frameworks */,
				C57BA2313ED343BDA47AFCC1 /* AudioToolbox.framework in Frameworks */,
				071B7BA6294C4D9F86D2CFD3 /* SystemConfiguration.framework in Frameworks */,
				196FB15B33254F738FB16D73 /* CoreTelephony.framework in Frameworks */,
			);
			runOnlyForDeploymentPostprocessing = 0;
		};
/* End PBXFrameworksBuildPhase section */

/* Begin PBXGroup section */
		080E96DDFE201D6D7F000001 /* Classes */ = {
			isa = PBXGroup;
			children = (
				302D95EE14D2391D003F00A1 /* MainViewController.h */,
				302D95EF14D2391D003F00A1 /* MainViewController.m */,
				302D95F014D2391D003F00A1 /* MainViewController.xib */,
				1D3623240D0F684500981E51 /* AppDelegate.h */,
				1D3623250D0F684500981E51 /* AppDelegate.m */,
			);
			name = Classes;
			path = "MobAPP/Classes";
			sourceTree = SOURCE_ROOT;
		};
		19C28FACFE9D520D11CA2CBB /* Products */ = {
			isa = PBXGroup;
			children = (
				1D6058910D05DD3D006BFB54 /* MobAPP.app */,
			);
			name = Products;
			sourceTree = "<group>";
		};
		29B97314FDCFA39411CA2CEA /* CustomTemplate */ = {
			isa = PBXGroup;
			children = (
				EB87FDF41871DAF40020F90C /* config.xml */,
				EB87FDF31871DA8E0020F90C /* www */,
				EB87FDF11871DA420020F90C /* Staging */,
				301BF52D109A57CC0062928A /* CordovaLib.xcodeproj */,
				080E96DDFE201D6D7F000001 /* Classes */,
				307C750510C5A3420062BCA9 /* Plugins */,
				29B97315FDCFA39411CA2CEA /* Other Sources */,
				29B97317FDCFA39411CA2CEA /* Resources */,
				29B97323FDCFA39411CA2CEA /* Frameworks */,
				19C28FACFE9D520D11CA2CBB /* Products */,
			);
			name = CustomTemplate;
			sourceTree = "<group>";
		};
		29B97315FDCFA39411CA2CEA /* Other Sources */ = {
			isa = PBXGroup;
			children = (
				32CA4F630368D1EE00C91783 /* MobAPP-Prefix.pch */,
				29B97316FDCFA39411CA2CEA /* main.m */,
				ED33DF2A687741AEAF9F8254 /* Bridging-Header.h */,
			);
			name = "Other Sources";
			path = "MobAPP";
			sourceTree = "<group>";
		};
		29B97317FDCFA39411CA2CEA /* Resources */ = {
			isa = PBXGroup;
			children = (
				0207DA571B56EA530066E2B4 /* Images.xcassets */,
				3047A50E1AB8057F00498E2A /* config */,
				8D1107310486CEB800E47090 /* MobAPP-Info.plist */,
				DCDED054A3E94AD7AC4D1943 /* CDVCapture.bundle */,
				52C00D877F0A4D2BBC9D852A /* CDVNotification.bundle */,
			);
			name = Resources;
			path = "MobAPP/Resources";
			sourceTree = "<group>";
		};
		29B97323FDCFA39411CA2CEA /* Frameworks */ = {
			isa = PBXGroup;
			children = (
				8BD94E06D38949DE86A95EFC /* ImageIO.framework */,
				DA3A8AD6282B4ED88D303F78 /* CoreLocation.framework */,
				0961A238BDE042938E2AE206 /* AVFoundation.framework */,
				A4EC7489929840588ED69312 /* AddressBook.framework */,
				D9BD51AF7E5B4AEDB1D08EAF /* AddressBookUI.framework */,
				7E44194C18E949839AD12E0B /* CoreMotion.framework */,
				5E8F0FC7623E4D69A3F7A734 /* AudioToolbox.framework */,
				41087A5EBEAA443B89E7E829 /* SystemConfiguration.framework */,
				86EB03AA59B3419B8139937F /* CoreTelephony.framework */,
			);
			name = Frameworks;
			sourceTree = "<group>";
		};
		301BF52E109A57CC0062928A /* Products */ = {
			isa = PBXGroup;
			children = (
				301BF535109A57CC0062928A /* libCordova.a */,
			);
			name = Products;
			sourceTree = "<group>";
		};
		3047A50E1AB8057F00498E2A /* config */ = {
			isa = PBXGroup;
			children = (
				3047A50F1AB8059700498E2A /* build-debug.xcconfig */,
				3047A5101AB8059700498E2A /* build-release.xcconfig */,
				3047A5111AB8059700498E2A /* build.xcconfig */,
			);
			name = config;
			sourceTree = "<group>";
		};
		307C750510C5A3420062BCA9 /* Plugins */ = {
			isa = PBXGroup;
			children = (
				1CE7FBCFF6BE46A8B6E67B70 /* CDVBattery.m */,
				32ED06E8DD8347BB9B86880A /* CDVBattery.h */,
				34190B101F2A4C6C91042C5A /* UIImage+CropScaleOrientation.m */,
				5E80BBDB90B94E99AE3AF9E9 /* CDVCamera.m */,
				4E94CC2BF90C4DE09A35C12E /* CDVJpegHeaderWriter.m */,
				B9D1E057E21F46259312638C /* UIImage+CropScaleOrientation.h */,
				A5C5445CAB9348C9993579D2 /* CDVCamera.h */,
				E44EC2038E004F6B9D2FDFC6 /* CDVJpegHeaderWriter.h */,
				F68EC5A1AF274DE6ACFE8592 /* CDVExif.h */,
				6B1B9143B4E348CD8601399F /* CDVFile.m */,
				28FB9ED92CF143D7A29F47A7 /* CDVLocalFilesystem.m */,
				3435F980E4184ED281CF203C /* CDVAssetLibraryFilesystem.m */,
				FDF9677A05714231BE044C10 /* CDVFile.h */,
				AE51F91B9F1345A8B28DDC82 /* CDVLocalFilesystem.h */,
				9B313FEEAFF74C4AA7EDF75E /* CDVAssetLibraryFilesystem.h */,
				E3C8AC9135FD4BBEB6D29A8F /* CDVCapture.m */,
				27A3BC69F23D4A9AB41FC265 /* CDVCapture.h */,
				BA590B410BF948D680284B24 /* CDVLogger.m */,
				ED3836BA17A94B4B814C7A3C /* CDVLogger.h */,
				E426DF0EF825470FA91830EB /* CDVContacts.m */,
				FE9A0A11D6F24D519FB8BBC6 /* CDVContact.m */,
				40105BBC487A40B6AEA62C81 /* CDVContacts.h */,
				EFFE9B29787C4DD5AFAD2E6A /* CDVContact.h */,
				3D06CA8578E84AA6A3DF53F1 /* CDVDevice.m */,
				955C9972B4D847D3811AEA9D /* CDVDevice.h */,
				073DE6EE68BF40CDADFD7C51 /* CDVAccelerometer.m */,
				260F82BB418A4491A31D415D /* CDVAccelerometer.h */,
				13953B8F0C9B462286411366 /* CDVCompass.m */,
				A15EE75CB2064A0DA16948C4 /* CDVCompass.h */,
				15A1B9CD5D17459B908AFD4A /* CDVNotification.m */,
				DC1D447745A94263A5BBD938 /* CDVNotification.h */,
				21932CFDD94F479EAB521B57 /* CDVFileTransfer.m */,
				A1551B5F8E1A4653B21941DE /* CDVFileTransfer.h */,
				A72924E84659483E9B62A798 /* CDVLocation.m */,
				2A280B22B917419BBE1B5F8F /* CDVLocation.h */,
				5235FA0E654F426D93D59D68 /* CDVGlobalization.m */,
				E2C473F95E0E455BA4822489 /* CDVGlobalization.h */,
				8D08F884905840E48A2E308C /* CDVInAppBrowser.m */,
				AA763AB701804BCF9D1FDB9B /* CDVInAppBrowser.h */,
				EB14780435DA458FBB5E4A2B /* CDVSound.m */,
				4C5E88518D8B43DB887681BF /* CDVSound.h */,
				291FD178C05B4321B3B1A5D2 /* CDVConnection.m */,
				0A1A9A1DB34A4B5D821A1163 /* CDVReachability.m */,
				0F738122EBEF4ADB8ECA13C0 /* CDVConnection.h */,
				3101BDBE2E8F43ACB8B10532 /* CDVReachability.h */,
				043E9825689C40689774C33E /* CDVSplashScreen.m */,
				2EFC5628A7E64F0A8D4190CA /* CDVViewController+SplashScreen.m */,
				7BDFFA955A2E4AA39D761445 /* CDVSplashScreen.h */,
				3C500F6210724FE794E5384A /* CDVViewController+SplashScreen.h */,
				FDA98E6773B04EA99C863E2F /* CDVStatusBar.m */,
				B3761CFE10F341A09B5D4C77 /* CDVStatusBar.h */,
				C3EC5B57E73443D6B4EFDE7D /* CDVVibration.m */,
				7E734AC660054752B34896AE /* CDVVibration.h */,
			);
			name = Plugins;
			path = "MobAPP/Plugins";
			sourceTree = SOURCE_ROOT;
		};
		EB87FDF11871DA420020F90C /* Staging */ = {
			isa = PBXGroup;
			children = (
				F840E1F0165FE0F500CFE078 /* config.xml */,
				301BF56E109A69640062928A /* www */,
			);
			name = Staging;
			sourceTree = "<group>";
		};
/* End PBXGroup section */

/* Begin PBXNativeTarget section */
		1D6058900D05DD3D006BFB54 /* MobAPP */ = {
			isa = PBXNativeTarget;
			buildConfigurationList = 1D6058960D05DD3E006BFB54 /* Build configuration list for PBXNativeTarget "MobAPP" */;
			buildPhases = (
				304B58A110DAC018002A0835 /* Copy www directory */,
				1D60588D0D05DD3D006BFB54 /* Resources */,
				1D60588E0D05DD3D006BFB54 /* Sources */,
				1D60588F0D05DD3D006BFB54 /* Frameworks */,
			);
			buildRules = (
			);
			dependencies = (
				301BF551109A68C00062928A /* PBXTargetDependency */,
			);
			name = "MobAPP";
			productName = "MobAPP";
			productReference = 1D6058910D05DD3D006BFB54 /* MobAPP.app */;
			productType = "com.apple.product-type.application";
		};
/* End PBXNativeTarget section */

/* Begin PBXProject section */
		29B97313FDCFA39411CA2CEA /* Project object */ = {
			isa = PBXProject;
			attributes = {
				LastUpgradeCheck = 510;
			};
			buildConfigurationList = C01FCF4E08A954540054247B /* Build configuration list for PBXProject "__NON-CLI__" */;
			compatibilityVersion = "Xcode 3.2";
			developmentRegion = English;
			hasScannedForEncodings = 1;
			mainGroup = 29B97314FDCFA39411CA2CEA /* CustomTemplate */;
			projectDirPath = "";
			projectReferences = (
				{
					ProductGroup = 301BF52E109A57CC0062928A /* Products */;
					ProjectRef = 301BF52D109A57CC0062928A /* CordovaLib.xcodeproj */;
				},
			);
			projectRoot = "";
			targets = (
				1D6058900D05DD3D006BFB54 /* MobAPP */,
			);
		};
/* End PBXProject section */

/* Begin PBXReferenceProxy section */
		301BF535109A57CC0062928A /* libCordova.a */ = {
			isa = PBXReferenceProxy;
			fileType = archive.ar;
			path = libCordova.a;
			remoteRef = 301BF534109A57CC0062928A /* PBXContainerItemProxy */;
			sourceTree = BUILT_PRODUCTS_DIR;
		};
/* End PBXReferenceProxy section */

/* Begin PBXResourcesBuildPhase section */
		1D60588D0D05DD3D006BFB54 /* Resources */ = {
			isa = PBXResourcesBuildPhase;
			buildActionMask = 2147483647;
			files = (
				302D95F214D2391D003F00A1 /* MainViewController.xib in Resources */,
				3047A5131AB8059700498E2A /* build-release.xcconfig in Resources */,
				3047A5141AB8059700498E2A /* build.xcconfig in Resources */,
				0207DA581B56EA530066E2B4 /* Images.xcassets in Resources */,
				3047A5121AB8059700498E2A /* build-debug.xcconfig in Resources */,
				7E1B5DCB8E064FDFA9153582 /* CDVCapture.bundle in Resources */,
				67292EE555A44FB085CC7D0F /* CDVNotification.bundle in Resources */,
			);
			runOnlyForDeploymentPostprocessing = 0;
		};
/* End PBXResourcesBuildPhase section */

/* Begin PBXShellScriptBuildPhase section */
		304B58A110DAC018002A0835 /* Copy www directory */ = {
			isa = PBXShellScriptBuildPhase;
			buildActionMask = 2147483647;
			files = (
			);
			inputPaths = (
			);
			name = "Copy www directory";
			outputPaths = (
			);
			runOnlyForDeploymentPostprocessing = 0;
			shellPath = /bin/sh;
			shellScript = "NODEJS_PATH=/usr/local/bin; NVM_NODE_PATH=~/.nvm/versions/node/`nvm version 2>/dev/null`/bin; N_NODE_PATH=`find /usr/local/n/versions/node/* -maxdepth 0 -type d 2>/dev/null | tail -1`/bin; XCODE_NODE_PATH=`xcode-select --print-path`/usr/share/xcs/Node/bin; PATH=$NODEJS_PATH:$NVM_NODE_PATH:$N_NODE_PATH:$XCODE_NODE_PATH:$PATH && node cordova/lib/copy-www-build-step.js";
			showEnvVarsInLog = 0;
		};
/* End PBXShellScriptBuildPhase section */

/* Begin PBXSourcesBuildPhase section */
		1D60588E0D05DD3D006BFB54 /* Sources */ = {
			isa = PBXSourcesBuildPhase;
			buildActionMask = 2147483647;
			files = (
				1D60589B0D05DD56006BFB54 /* main.m in Sources */,
				1D3623260D0F684500981E51 /* AppDelegate.m in Sources */,
				302D95F114D2391D003F00A1 /* MainViewController.m in Sources */,
				2FDEAD6FE0E64A0D9A60753C /* CDVBattery.m in Sources */,
				C9DF902AABBD4C33B564F672 /* UIImage+CropScaleOrientation.m in Sources */,
				595F52D76DEA43758ED2557D /* CDVCamera.m in Sources */,
				34233BA003704F36B359F9E8 /* CDVJpegHeaderWriter.m in Sources */,
				2F5CC5321EFF4862A7F4E53E /* CDVFile.m in Sources */,
				9C1661D8BD634B3AB3CEFD60 /* CDVLocalFilesystem.m in Sources */,
				043C03591B634926BDF3663A /* CDVAssetLibraryFilesystem.m in Sources */,
				5E60964E9D1E4F44BCB6B0CC /* CDVCapture.m in Sources */,
				1C27DE587AEC4592AC2D3ECC /* CDVLogger.m in Sources */,
				41F98361B613492D87EE1E2E /* CDVContacts.m in Sources */,
				AC5ACC74C73247568B5CC02B /* CDVContact.m in Sources */,
				AFEA0992AF1746A3BB07AB75 /* CDVDevice.m in Sources */,
				F74BE05A73EC41AAA250B754 /* CDVAccelerometer.m in Sources */,
				8033CBDBF6C1475589C7CDA9 /* CDVCompass.m in Sources */,
				F558B1264B3646D2AFD1A450 /* CDVNotification.m in Sources */,
				3E552DA52F3347F3BB1B2198 /* CDVFileTransfer.m in Sources */,
				3C7E601764994794AB4BB0EA /* CDVLocation.m in Sources */,
				120CBDF1FAF244639C0A17B9 /* CDVGlobalization.m in Sources */,
				9FE22D5CEAFD400D9F0FABF7 /* CDVInAppBrowser.m in Sources */,
				4964E452735C4E9882774E21 /* CDVSound.m in Sources */,
				8871932098874F8C9F4D6E28 /* CDVConnection.m in Sources */,
				FAA71A0FA3974827A6D0D8F9 /* CDVReachability.m in Sources */,
				A43FD2696DDF490E81D0B4D4 /* CDVSplashScreen.m in Sources */,
				953DA3231B2A4869BC408B97 /* CDVViewController+SplashScreen.m in Sources */,
				785AA41147D649A0A49D2C4B /* CDVStatusBar.m in Sources */,
				813DC9081E8D42A7953B6741 /* CDVVibration.m in Sources */,
			);
			runOnlyForDeploymentPostprocessing = 0;
		};
/* End PBXSourcesBuildPhase section */

/* Begin PBXTargetDependency section */
		301BF551109A68C00062928A /* PBXTargetDependency */ = {
			isa = PBXTargetDependency;
			name = CordovaLib;
			targetProxy = 301BF550109A68C00062928A /* PBXContainerItemProxy */;
		};
/* End PBXTargetDependency section */

/* Begin XCBuildConfiguration section */
		1D6058940D05DD3E006BFB54 /* Debug */ = {
			isa = XCBuildConfiguration;
			baseConfigurationReference = 3047A50F1AB8059700498E2A /* build-debug.xcconfig */;
			buildSettings = {
				ALWAYS_SEARCH_USER_PATHS = NO;
				ASSETCATALOG_COMPILER_APPICON_NAME = AppIcon;
				ASSETCATALOG_COMPILER_LAUNCHIMAGE_NAME = LaunchImage;
				CLANG_ENABLE_MODULES = YES;
				CLANG_ENABLE_OBJC_ARC = YES;
				COPY_PHASE_STRIP = NO;
				GCC_DYNAMIC_NO_PIC = NO;
				GCC_OPTIMIZATION_LEVEL = 0;
				GCC_PRECOMPILE_PREFIX_HEADER = YES;
				GCC_PREFIX_HEADER = "MobAPP/MobAPP-Prefix.pch";
				GCC_THUMB_SUPPORT = NO;
				GCC_VERSION = "";
				INFOPLIST_FILE = "MobAPP/MobAPP-Info.plist";
				LD_RUNPATH_SEARCH_PATHS = "@executable_path/Frameworks";
				PRODUCT_NAME = "MobAPP";
			};
			name = Debug;
		};
		1D6058950D05DD3E006BFB54 /* Release */ = {
			isa = XCBuildConfiguration;
			baseConfigurationReference = 3047A5101AB8059700498E2A /* build-release.xcconfig */;
			buildSettings = {
				ALWAYS_SEARCH_USER_PATHS = NO;
				ASSETCATALOG_COMPILER_APPICON_NAME = AppIcon;
				ASSETCATALOG_COMPILER_LAUNCHIMAGE_NAME = LaunchImage;
				CLANG_ENABLE_MODULES = YES;
				CLANG_ENABLE_OBJC_ARC = YES;
				COPY_PHASE_STRIP = YES;
				GCC_PRECOMPILE_PREFIX_HEADER = YES;
				GCC_PREFIX_HEADER = "MobAPP/MobAPP-Prefix.pch";
				GCC_THUMB_SUPPORT = NO;
				GCC_VERSION = "";
				INFOPLIST_FILE = "MobAPP/MobAPP-Info.plist";
				PRODUCT_NAME = "MobAPP";
			};
			name = Release;
		};
		C01FCF4F08A954540054247B /* Debug */ = {
			isa = XCBuildConfiguration;
			baseConfigurationReference = 3047A5111AB8059700498E2A /* build.xcconfig */;
			buildSettings = {
				CLANG_ENABLE_MODULES = YES;
				CLANG_ENABLE_OBJC_ARC = YES;
				CLANG_WARN_BOOL_CONVERSION = YES;
				CLANG_WARN_CONSTANT_CONVERSION = YES;
				CLANG_WARN_EMPTY_BODY = YES;
				CLANG_WARN_ENUM_CONVERSION = YES;
				CLANG_WARN_INT_CONVERSION = YES;
				CLANG_WARN__DUPLICATE_METHOD_MATCH = YES;
				GCC_C_LANGUAGE_STANDARD = c99;
				GCC_THUMB_SUPPORT = NO;
				GCC_VERSION = "";
				GCC_WARN_ABOUT_RETURN_TYPE = YES;
				GCC_WARN_UNDECLARED_SELECTOR = YES;
				GCC_WARN_UNINITIALIZED_AUTOS = YES;
				GCC_WARN_UNUSED_FUNCTION = YES;
				GCC_WARN_UNUSED_VARIABLE = YES;
				ONLY_ACTIVE_ARCH = YES;
				SDKROOT = iphoneos;
				SKIP_INSTALL = NO;
			};
			name = Debug;
		};
		C01FCF5008A954540054247B /* Release */ = {
			isa = XCBuildConfiguration;
			baseConfigurationReference = 3047A5111AB8059700498E2A /* build.xcconfig */;
			buildSettings = {
				CLANG_ENABLE_MODULES = YES;
				CLANG_ENABLE_OBJC_ARC = YES;
				CLANG_WARN_BOOL_CONVERSION = YES;
				CLANG_WARN_CONSTANT_CONVERSION = YES;
				CLANG_WARN_EMPTY_BODY = YES;
				CLANG_WARN_ENUM_CONVERSION = YES;
				CLANG_WARN_INT_CONVERSION = YES;
				CLANG_WARN__DUPLICATE_METHOD_MATCH = YES;
				GCC_C_LANGUAGE_STANDARD = c99;
				GCC_THUMB_SUPPORT = NO;
				GCC_VERSION = "";
				GCC_WARN_ABOUT_RETURN_TYPE = YES;
				GCC_WARN_UNDECLARED_SELECTOR = YES;
				GCC_WARN_UNINITIALIZED_AUTOS = YES;
				GCC_WARN_UNUSED_FUNCTION = YES;
				GCC_WARN_UNUSED_VARIABLE = YES;
				SDKROOT = iphoneos;
				SKIP_INSTALL = NO;
			};
			name = Release;
		};
/* End XCBuildConfiguration section */

/* Begin XCConfigurationList section */
		1D6058960D05DD3E006BFB54 /* Build configuration list for PBXNativeTarget "MobAPP" */ = {
			isa = XCConfigurationList;
			buildConfigurations = (
				1D6058940D05DD3E006BFB54 /* Debug */,
				1D6058950D05DD3E006BFB54 /* Release */,
			);
			defaultConfigurationIsVisible = 0;
			defaultConfigurationName = Release;
		};
		C01FCF4E08A954540054247B /* Build configuration list for PBXProject "__NON-CLI__" */ = {
			isa = XCConfigurationList;
			buildConfigurations = (
				C01FCF4F08A954540054247B /* Debug */,
				C01FCF5008A954540054247B /* Release */,
			);
			defaultConfigurationIsVisible = 0;
			defaultConfigurationName = Release;
		};
/* End XCConfigurationList section */
	};
	rootObject = 29B97313FDCFA39411CA2CEA /* Project object */;
}
